<Solution>
  <Folder Name="/src/">
    <Project Path="src/SmartPOS.Api/SmartPOS.Api.csproj" />
    <Project Path="src/SmartPOS.Application/SmartPOS.Application.csproj" />
    <Project Path="src/SmartPOS.Domain/SmartPOS.Domain.csproj" />
    <Project Path="src/SmartPOS.Infrastructure/SmartPOS.Infrastructure.csproj" />
    <Project Path="src/SmartPOS.Shared/SmartPOS.Shared.csproj" />
  </Folder>
  <Folder Name="/tests/">
    <Project Path="tests/SmartPOS.IntegrationTests/SmartPOS.IntegrationTests.csproj" />
    <Project Path="tests/SmartPOS.UnitTests/SmartPOS.UnitTests.csproj" />
  </Folder>
</Solution>
